{
  "nodes": {
    "home-manager": {
      "inputs": {
        "nixpkgs": [
          "nixpkgs"
        ]
      },
      "locked": {
        "lastModified": 1725948275,
        "narHash": "sha256-4QOPemDQ9VRLQaAdWuvdDBhh+lEUOAnSMHhdr4nS1mk=",
        "owner": "nix-community",
        "repo": "home-manager",
        "rev": "e5fa72bad0c6f533e8d558182529ee2acc9454fe",
        "type": "github"
      },
      "original": {
        "owner": "nix-community",
        "ref": "master",
        "repo": "home-manager",
        "type": "github"
      }
    },
    "kanagawa-theme": {
      "flake": false,
      "locked": {
        "lastModified": 1724756442,
        "narHash": "sha256-UuKvWCPP4biV2OP18+OAookRxfpKfjBgm+1KMaf1z30=",
        "owner": "rebelot",
        "repo": "kanagawa.nvim",
        "rev": "f491b0fe68fffbece7030181073dfe51f45cda81",
        "type": "github"
      },
      "original": {
        "owner": "rebelot",
        "repo": "kanagawa.nvim",
        "type": "github"
      }
    },
    "nixpkgs": {
      "locked": {
        "lastModified": 1725634671,
        "narHash": "sha256-v3rIhsJBOMLR8e/RNWxr828tB+WywYIoajrZKFM+0Gg=",
        "owner": "nixos",
        "repo": "nixpkgs",
        "rev": "574d1eac1c200690e27b8eb4e24887f8df7ac27c",
        "type": "github"
      },
      "original": {
        "owner": "nixos",
        "ref": "nixos-unstable",
        "repo": "nixpkgs",
        "type": "github"
      }
    },
    "nur": {
      "locked": {
        "lastModified": 1726000380,
        "narHash": "sha256-m6WODrbd1y3ojnVOB+6iKr9xz/MHBpchjEDyro2wK0k=",
        "owner": "nix-community",
        "repo": "NUR",
        "rev": "d732fda01f77594f411c0d71127d8402e2d7d516",
        "type": "github"
      },
      "original": {
        "owner": "nix-community",
        "repo": "NUR",
        "type": "github"
      }
    },
    "plasma-manager": {
      "inputs": {
        "home-manager": [
          "home-manager"
        ],
        "nixpkgs": [
          "nixpkgs"
        ]
      },
      "locked": {
        "lastModified": 1725914634,
        "narHash": "sha256-U74hu15xSb6JNySMOwyJrsh4uk1DVa182bdHLeHdYMc=",
        "owner": "nix-community",
        "repo": "plasma-manager",
        "rev": "60becd0e994e25b372c8d0500fc944396f6c1085",
        "type": "github"
      },
      "original": {
        "owner": "nix-community",
        "repo": "plasma-manager",
        "type": "github"
      }
    },
    "root": {
      "inputs": {
        "home-manager": "home-manager",
        "kanagawa-theme": "kanagawa-theme",
        "nixpkgs": "nixpkgs",
        "nur": "nur",
        "plasma-manager": "plasma-manager"
      }
    }
  },
  "root": "root",
  "version": 7
}
