{
  "nodes": {
    "home-manager": {
      "inputs": {
        "nixpkgs": [
          "nixpkgs"
        ]
      },
      "locked": {
        "lastModified": 1725781935,
        "narHash": "sha256-o6LRtdpgBTzev9n243Ktu3rn0/qsv0frFyJwU6vJsdE=",
        "owner": "nix-community",
        "repo": "home-manager",
        "rev": "ec4c6928bbacc89cf10e9c959a7a47cbaad95344",
        "type": "github"
      },
      "original": {
        "owner": "nix-community",
        "ref": "master",
        "repo": "home-manager",
        "type": "github"
      }
    },
    "kanagawa-theme": {
      "flake": false,
      "locked": {
        "lastModified": 1724756442,
        "narHash": "sha256-UuKvWCPP4biV2OP18+OAookRxfpKfjBgm+1KMaf1z30=",
        "owner": "rebelot",
        "repo": "kanagawa.nvim",
        "rev": "f491b0fe68fffbece7030181073dfe51f45cda81",
        "type": "github"
      },
      "original": {
        "owner": "rebelot",
        "repo": "kanagawa.nvim",
        "type": "github"
      }
    },
    "nixpkgs": {
      "locked": {
        "lastModified": 1725634671,
        "narHash": "sha256-v3rIhsJBOMLR8e/RNWxr828tB+WywYIoajrZKFM+0Gg=",
        "owner": "nixos",
        "repo": "nixpkgs",
        "rev": "574d1eac1c200690e27b8eb4e24887f8df7ac27c",
        "type": "github"
      },
      "original": {
        "owner": "nixos",
        "ref": "nixos-unstable",
        "repo": "nixpkgs",
        "type": "github"
      }
    },
    "nur": {
      "locked": {
        "lastModified": 1725803093,
        "narHash": "sha256-Bt2Ljl4WnzgrylwN0YHM2GA/zKXbyb8cRocVNqVda/8=",
        "owner": "nix-community",
        "repo": "NUR",
        "rev": "759dc72879022d1f7b216bb8a876b32d32b3f528",
        "type": "github"
      },
      "original": {
        "owner": "nix-community",
        "repo": "NUR",
        "type": "github"
      }
    },
    "plasma-manager": {
      "inputs": {
        "home-manager": [
          "home-manager"
        ],
        "nixpkgs": [
          "nixpkgs"
        ]
      },
      "locked": {
        "lastModified": 1725781027,
        "narHash": "sha256-sSAnsV01kwY8N4/XPpl14fMH0SU7Zn6w8hxnZw7YPlo=",
        "owner": "nix-community",
        "repo": "plasma-manager",
        "rev": "3620206aec6d4d1ff0456ae1cf46e5b983121b6e",
        "type": "github"
      },
      "original": {
        "owner": "nix-community",
        "repo": "plasma-manager",
        "type": "github"
      }
    },
    "root": {
      "inputs": {
        "home-manager": "home-manager",
        "kanagawa-theme": "kanagawa-theme",
        "nixpkgs": "nixpkgs",
        "nur": "nur",
        "plasma-manager": "plasma-manager"
      }
    }
  },
  "root": "root",
  "version": 7
}
